
Microsoft Visual Studio Solution File, Format Version 12.00
# Visual Studio 2013
VisualStudioVersion = 12.0.21005.1
MinimumVisualStudioVersion = 10.0.40219.1
Project("{FAE04EC0-301F-11D3-BF4B-00C04F79EFBC}") = "NordnetPoC", "NordnetPoC\NordnetPoC.csproj", "{9FAB51CF-4F43-4AA3-8489-66217C159F0E}"
EndProject
Project("{FAE04EC0-301F-11D3-BF4B-00C04F79EFBC}") = "NordNetApiPoC", "NordNetApiPoC\NordNetApiPoC.csproj", "{7C345F21-5069-4AE0-9C36-DF73278DEF66}"
EndProject
Project("{FAE04EC0-301F-11D3-BF4B-00C04F79EFBC}") = "UserDataBase", "UserDataBase\UserDataBase.csproj", "{B851BD20-6194-4B22-AA3B-87E73B80F2EC}"
EndProject
Global
	GlobalSection(SolutionConfigurationPlatforms) = preSolution
		Debug|Any CPU = Debug|Any CPU
		Release|Any CPU = Release|Any CPU
	EndGlobalSection
	GlobalSection(ProjectConfigurationPlatforms) = postSolution
		{9FAB51CF-4F43-4AA3-8489-66217C159F0E}.Debug|Any CPU.ActiveCfg = Debug|Any CPU
		{9FAB51CF-4F43-4AA3-8489-66217C159F0E}.Debug|Any CPU.Build.0 = Debug|Any CPU
		{9FAB51CF-4F43-4AA3-8489-66217C159F0E}.Release|Any CPU.ActiveCfg = Release|Any CPU
		{9FAB51CF-4F43-4AA3-8489-66217C159F0E}.Release|Any CPU.Build.0 = Release|Any CPU
		{7C345F21-5069-4AE0-9C36-DF73278DEF66}.Debug|Any CPU.ActiveCfg = Debug|Any CPU
		{7C345F21-5069-4AE0-9C36-DF73278DEF66}.Debug|Any CPU.Build.0 = Debug|Any CPU
		{7C345F21-5069-4AE0-9C36-DF73278DEF66}.Release|Any CPU.ActiveCfg = Release|Any CPU
		{7C345F21-5069-4AE0-9C36-DF73278DEF66}.Release|Any CPU.Build.0 = Release|Any CPU
		{B851BD20-6194-4B22-AA3B-87E73B80F2EC}.Debug|Any CPU.ActiveCfg = Debug|Any CPU
		{B851BD20-6194-4B22-AA3B-87E73B80F2EC}.Debug|Any CPU.Build.0 = Debug|Any CPU
		{B851BD20-6194-4B22-AA3B-87E73B80F2EC}.Release|Any CPU.ActiveCfg = Release|Any CPU
		{B851BD20-6194-4B22-AA3B-87E73B80F2EC}.Release|Any CPU.Build.0 = Release|Any CPU
	EndGlobalSection
	GlobalSection(SolutionProperties) = preSolution
		HideSolutionNode = FALSE
	EndGlobalSection
EndGlobal
